// !$*UTF8*$!
{
	archiveVersion = 1;
	classes = {
	};
	objectVersion = 77;
	objects = {

/* Begin PBXContainerItemProxy section */
		BCA8C5912DC3F39C003D7D2A /* PBXContainerItemProxy */ = {
			isa = PBXContainerItemProxy;
			containerPortal = BCA8C5742DC3F39B003D7D2A /* Project object */;
			proxyType = 1;
			remoteGlobalIDString = BCA8C57B2DC3F39B003D7D2A;
			remoteInfo = "Recruiting Tracker";
		};
		BCA8C59B2DC3F39C003D7D2A /* PBXContainerItemProxy */ = {
			isa = PBXContainerItemProxy;
			containerPortal = BCA8C5742DC3F39B003D7D2A /* Project object */;
			proxyType = 1;
			remoteGlobalIDString = BCA8C57B2DC3F39B003D7D2A;
			remoteInfo = "Recruiting Tracker";
		};
/* End PBXContainerItemProxy section */

/* Begin PBXFileReference section */
		BCA8C57C2DC3F39B003D7D2A /* Recruiting Tracker.app */ = {isa = PBXFileReference; explicitFileType = wrapper.application; includeInIndex = 0; path = "Recruiting Tracker.app"; sourceTree = BUILT_PRODUCTS_DIR; };
		BCA8C5902DC3F39C003D7D2A /* Recruiting TrackerTests.xctest */ = {isa = PBXFileReference; explicitFileType = wrapper.cfbundle; includeInIndex = 0; path = "Recruiting TrackerTests.xctest"; sourceTree = BUILT_PRODUCTS_DIR; };
		BCA8C59A2DC3F39C003D7D2A /* Recruiting TrackerUITests.xctest */ = {isa = PBXFileReference; explicitFileType = wrapper.cfbundle; includeInIndex = 0; path = "Recruiting TrackerUITests.xctest"; sourceTree = BUILT_PRODUCTS_DIR; };
/* End PBXFileReference section */

/* Begin PBXFileSystemSynchronizedBuildFileExceptionSet section */
		BCA8C5A22DC3F39C003D7D2A /* Exceptions for "Recruiting Tracker" folder in "Recruiting Tracker" target */ = {
			isa = PBXFileSystemSynchronizedBuildFileExceptionSet;
			membershipExceptions = (
				Info.plist,
			);
			target = BCA8C57B2DC3F39B003D7D2A /* Recruiting Tracker */;
		};
/* End PBXFileSystemSynchronizedBuildFileExceptionSet section */

/* Begin PBXFileSystemSynchronizedRootGroup section */
		BCA8C57E2DC3F39B003D7D2A /* Recruiting Tracker */ = {
			isa = PBXFileSystemSynchronizedRootGroup;
			exceptions = (
				BCA8C5A22DC3F39C003D7D2A /* Exceptions for "Recruiting Tracker" folder in "Recruiting Tracker" target */,
			);
			path = "Recruiting Tracker";
			sourceTree = "<group>";
		};
		BCA8C5932DC3F39C003D7D2A /* Recruiting TrackerTests */ = {
			isa = PBXFileSystemSynchronizedRootGroup;
			path = "Recruiting TrackerTests";
			sourceTree = "<group>";
		};
		BCA8C59D2DC3F39C003D7D2A /* Recruiting TrackerUITests */ = {
			isa = PBXFileSystemSynchronizedRootGroup;
			path = "Recruiting TrackerUITests";
			sourceTree = "<group>";
		};
/* End PBXFileSystemSynchronizedRootGroup section */

/* Begin PBXFrameworksBuildPhase section */
		BCA8C5792DC3F39B003D7D2A /* Frameworks */ = {
			isa = PBXFrameworksBuildPhase;
			buildActionMask = 2147483647;
			files = (
			);
			runOnlyForDeploymentPostprocessing = 0;
		};
		BCA8C58D2DC3F39C003D7D2A /* Frameworks */ = {
			isa = PBXFrameworksBuildPhase;
			buildActionMask = 2147483647;
			files = (
			);
			runOnlyForDeploymentPostprocessing = 0;
		};
		BCA8C5972DC3F39C003D7D2A /* Frameworks */ = {
			isa = PBXFrameworksBuildPhase;
			buildActionMask = 2147483647;
			files = (
			);
			runOnlyForDeploymentPostprocessing = 0;
		};
/* End PBXFrameworksBuildPhase section */

/* Begin PBXGroup section */
		BCA8C5732DC3F39B003D7D2A = {
			isa = PBXGroup;
			children = (
				BCA8C57E2DC3F39B003D7D2A /* Recruiting Tracker */,
				BCA8C5932DC3F39C003D7D2A /* Recruiting TrackerTests */,
				BCA8C59D2DC3F39C003D7D2A /* Recruiting TrackerUITests */,
				BCA8C57D2DC3F39B003D7D2A /* Products */,
			);
			sourceTree = "<group>";
		};
		BCA8C57D2DC3F39B003D7D2A /* Products */ = {
			isa = PBXGroup;
			children = (
				BCA8C57C2DC3F39B003D7D2A /* Recruiting Tracker.app */,
				BCA8C5902DC3F39C003D7D2A /* Recruiting TrackerTests.xctest */,
				BCA8C59A2DC3F39C003D7D2A /* Recruiting TrackerUITests.xctest */,
			);
			name = Products;
			sourceTree = "<group>";
		};
/* End PBXGroup section */

/* Begin PBXNativeTarget section */
		BCA8C57B2DC3F39B003D7D2A /* Recruiting Tracker */ = {
			isa = PBXNativeTarget;
			buildConfigurationList = BCA8C5A32DC3F39C003D7D2A /* Build configuration list for PBXNativeTarget "Recruiting Tracker" */;
			buildPhases = (
				BCA8C5782DC3F39B003D7D2A /* Sources */,
				BCA8C5792DC3F39B003D7D2A /* Frameworks */,
				BCA8C57A2DC3F39B003D7D2A /* Resources */,
			);
			buildRules = (
			);
			dependencies = (
			);
			fileSystemSynchronizedGroups = (
				BCA8C57E2DC3F39B003D7D2A /* Recruiting Tracker */,
			);
			name = "Recruiting Tracker";
			packageProductDependencies = (
			);
			productName = "Recruiting Tracker";
			productReference = BCA8C57C2DC3F39B003D7D2A /* Recruiting Tracker.app */;
			productType = "com.apple.product-type.application";
		};
		BCA8C58F2DC3F39C003D7D2A /* Recruiting TrackerTests */ = {
			isa = PBXNativeTarget;
			buildConfigurationList = BCA8C5A82DC3F39C003D7D2A /* Build configuration list for PBXNativeTarget "Recruiting TrackerTests" */;
			buildPhases = (
				BCA8C58C2DC3F39C003D7D2A /* Sources */,
				BCA8C58D2DC3F39C003D7D2A /* Frameworks */,
				BCA8C58E2DC3F39C003D7D2A /* Resources */,
			);
			buildRules = (
			);
			dependencies = (
				BCA8C5922DC3F39C003D7D2A /* PBXTargetDependency */,
			);
			fileSystemSynchronizedGroups = (
				BCA8C5932DC3F39C003D7D2A /* Recruiting TrackerTests */,
			);
			name = "Recruiting TrackerTests";
			packageProductDependencies = (
			);
			productName = "Recruiting TrackerTests";
			productReference = BCA8C5902DC3F39C003D7D2A /* Recruiting TrackerTests.xctest */;
			productType = "com.apple.product-type.bundle.unit-test";
		};
		BCA8C5992DC3F39C003D7D2A /* Recruiting TrackerUITests */ = {
			isa = PBXNativeTarget;
			buildConfigurationList = BCA8C5AB2DC3F39C003D7D2A /* Build configuration list for PBXNativeTarget "Recruiting TrackerUITests" */;
			buildPhases = (
				BCA8C5962DC3F39C003D7D2A /* Sources */,
				BCA8C5972DC3F39C003D7D2A /* Frameworks */,
				BCA8C5982DC3F39C003D7D2A /* Resources */,
			);
			buildRules = (
			);
			dependencies = (
				BCA8C59C2DC3F39C003D7D2A /* PBXTargetDependency */,
			);
			fileSystemSynchronizedGroups = (
				BCA8C59D2DC3F39C003D7D2A /* Recruiting TrackerUITests */,
			);
			name = "Recruiting TrackerUITests";
			packageProductDependencies = (
			);
			productName = "Recruiting TrackerUITests";
			productReference = BCA8C59A2DC3F39C003D7D2A /* Recruiting TrackerUITests.xctest */;
			productType = "com.apple.product-type.bundle.ui-testing";
		};
/* End PBXNativeTarget section */

/* Begin PBXProject section */
		BCA8C5742DC3F39B003D7D2A /* Project object */ = {
			isa = PBXProject;
			attributes = {
				BuildIndependentTargetsInParallel = 1;
				LastSwiftUpdateCheck = 1620;
				LastUpgradeCheck = 1620;
				TargetAttributes = {
					BCA8C57B2DC3F39B003D7D2A = {
						CreatedOnToolsVersion = 16.2;
					};
					BCA8C58F2DC3F39C003D7D2A = {
						CreatedOnToolsVersion = 16.2;
						TestTargetID = BCA8C57B2DC3F39B003D7D2A;
					};
					BCA8C5992DC3F39C003D7D2A = {
						CreatedOnToolsVersion = 16.2;
						TestTargetID = BCA8C57B2DC3F39B003D7D2A;
					};
				};
			};
			buildConfigurationList = BCA8C5772DC3F39B003D7D2A /* Build configuration list for PBXProject "Recruiting Tracker" */;
			developmentRegion = en;
			hasScannedForEncodings = 0;
			knownRegions = (
				en,
				Base,
			);
			mainGroup = BCA8C5732DC3F39B003D7D2A;
			minimizedProjectReferenceProxies = 1;
			preferredProjectObjectVersion = 77;
			productRefGroup = BCA8C57D2DC3F39B003D7D2A /* Products */;
			projectDirPath = "";
			projectRoot = "";
			targets = (
				BCA8C57B2DC3F39B003D7D2A /* Recruiting Tracker */,
				BCA8C58F2DC3F39C003D7D2A /* Recruiting TrackerTests */,
				BCA8C5992DC3F39C003D7D2A /* Recruiting TrackerUITests */,
			);
		};
/* End PBXProject section */

/* Begin PBXResourcesBuildPhase section */
		BCA8C57A2DC3F39B003D7D2A /* Resources */ = {
			isa = PBXResourcesBuildPhase;
			buildActionMask = 2147483647;
			files = (
			);
			runOnlyForDeploymentPostprocessing = 0;
		};
		BCA8C58E2DC3F39C003D7D2A /* Resources */ = {
			isa = PBXResourcesBuildPhase;
			buildActionMask = 2147483647;
			files = (
			);
			runOnlyForDeploymentPostprocessing = 0;
		};
		BCA8C5982DC3F39C003D7D2A /* Resources */ = {
			isa = PBXResourcesBuildPhase;
			buildActionMask = 2147483647;
			files = (
			);
			runOnlyForDeploymentPostprocessing = 0;
		};
/* End PBXResourcesBuildPhase section */

/* Begin PBXSourcesBuildPhase section */
		BCA8C5782DC3F39B003D7D2A /* Sources */ = {
			isa = PBXSourcesBuildPhase;
			buildActionMask = 2147483647;
			files = (
			);
			runOnlyForDeploymentPostprocessing = 0;
		};
		BCA8C58C2DC3F39C003D7D2A /* Sources */ = {
			isa = PBXSourcesBuildPhase;
			buildActionMask = 2147483647;
			files = (
			);
			runOnlyForDeploymentPostprocessing = 0;
		};
		BCA8C5962DC3F39C003D7D2A /* Sources */ = {
			isa = PBXSourcesBuildPhase;
			buildActionMask = 2147483647;
			files = (
			);
			runOnlyForDeploymentPostprocessing = 0;
		};
/* End PBXSourcesBuildPhase section */

/* Begin PBXTargetDependency section */
		BCA8C5922DC3F39C003D7D2A /* PBXTargetDependency */ = {
			isa = PBXTargetDependency;
			target = BCA8C57B2DC3F39B003D7D2A /* Recruiting Tracker */;
			targetProxy = BCA8C5912DC3F39C003D7D2A /* PBXContainerItemProxy */;
		};
		BCA8C59C2DC3F39C003D7D2A /* PBXTargetDependency */ = {
			isa = PBXTargetDependency;
			target = BCA8C57B2DC3F39B003D7D2A /* Recruiting Tracker */;
			targetProxy = BCA8C59B2DC3F39C003D7D2A /* PBXContainerItemProxy */;
		};
/* End PBXTargetDependency section */

/* Begin XCBuildConfiguration section */
		BCA8C5A42DC3F39C003D7D2A /* Debug */ = {
			isa = XCBuildConfiguration;
			buildSettings = {
				ASSETCATALOG_COMPILER_APPICON_NAME = AppIcon;
				ASSETCATALOG_COMPILER_GLOBAL_ACCENT_COLOR_NAME = AccentColor;
				CODE_SIGN_ENTITLEMENTS = "Recruiting Tracker/Recruiting_Tracker.entitlements";
				CODE_SIGN_STYLE = Automatic;
				CURRENT_PROJECT_VERSION = 1;
				DEVELOPMENT_ASSET_PATHS = "\"Recruiting Tracker/Preview Content\"";
				DEVELOPMENT_TEAM = WH7XKRC8QZ;
				ENABLE_PREVIEWS = YES;
				GENERATE_INFOPLIST_FILE = YES;
				INFOPLIST_FILE = "Recruiting Tracker/Info.plist";
				INFOPLIST_KEY_UIApplicationSceneManifest_Generation = YES;
				INFOPLIST_KEY_UIApplicationSupportsIndirectInputEvents = YES;
				INFOPLIST_KEY_UILaunchScreen_Generation = YES;
				INFOPLIST_KEY_UISupportedInterfaceOrientations_iPad = "UIInterfaceOrientationPortrait UIInterfaceOrientationPortraitUpsideDown UIInterfaceOrientationLandscapeLeft UIInterfaceOrientationLandscapeRight";
				INFOPLIST_KEY_UISupportedInterfaceOrientations_iPhone = "UIInterfaceOrientationPortrait UIInterfaceOrientationLandscapeLeft UIInterfaceOrientationLandscapeRight";
				LD_RUNPATH_SEARCH_PATHS = (
					"$(inherited)",
					"@executable_path/Frameworks",
				);
				MARKETING_VERSION = 1.0;
				PRODUCT_BUNDLE_IDENTIFIER = "com.scottcampbell.Recruiting-Tracker";
				PRODUCT_NAME = "$(TARGET_NAME)";
				SWIFT_EMIT_LOC_STRINGS = YES;
				SWIFT_VERSION = 5.0;
				TARGETED_DEVICE_FAMILY = "1,2";
			};
			name = Debug;
		};
		BCA8C5A52DC3F39C003D7D2A /* Release */ = {
			isa = XCBuildConfiguration;
			buildSettings = {
				ASSETCATALOG_COMPILER_APPICON_NAME = AppIcon;
				ASSETCATALOG_COMPILER_GLOBAL_ACCENT_COLOR_NAME = AccentColor;
				CODE_SIGN_ENTITLEMENTS = "Recruiting Tracker/Recruiting_Tracker.entitlements";
				CODE_SIGN_STYLE = Automatic;
				CURRENT_PROJECT_VERSION = 1;
				DEVELOPMENT_ASSET_PATHS = "\"Recruiting Tracker/Preview Content\"";
				DEVELOPMENT_TEAM = WH7XKRC8QZ;
				ENABLE_PREVIEWS = YES;
				GENERATE_INFOPLIST_FILE = YES;
				INFOPLIST_FILE = "Recruiting Tracker/Info.plist";
				INFOPLIST_KEY_UIApplicationSceneManifest_Generation = YES;
				INFOPLIST_KEY_UIApplicationSupportsIndirectInputEvents = YES;
				INFOPLIST_KEY_UILaunchScreen_Generation = YES;
				INFOPLIST_KEY_UISupportedInterfaceOrientations_iPad = "UIInterfaceOrientationPortrait UIInterfaceOrientationPortraitUpsideDown UIInterfaceOrientationLandscapeLeft UIInterfaceOrientationLandscapeRight";
				INFOPLIST_KEY_UISupportedInterfaceOrientations_iPhone = "UIInterfaceOrientationPortrait UIInterfaceOrientationLandscapeLeft UIInterfaceOrientationLandscapeRight";
				LD_RUNPATH_SEARCH_PATHS = (
					"$(inherited)",
					"@executable_path/Frameworks",
				);
				MARKETING_VERSION = 1.0;
				PRODUCT_BUNDLE_IDENTIFIER = "com.scottcampbell.Recruiting-Tracker";
				PRODUCT_NAME = "$(TARGET_NAME)";
				SWIFT_EMIT_LOC_STRINGS = YES;
				SWIFT_VERSION = 5.0;
				TARGETED_DEVICE_FAMILY = "1,2";
			};
			name = Release;
		};
		BCA8C5A62DC3F39C003D7D2A /* Debug */ = {
			isa = XCBuildConfiguration;
			buildSettings = {
				ALWAYS_SEARCH_USER_PATHS = NO;
				ASSETCATALOG_COMPILER_GENERATE_SWIFT_ASSET_SYMBOL_EXTENSIONS = YES;
				CLANG_ANALYZER_NONNULL = YES;
				CLANG_ANALYZER_NUMBER_OBJECT_CONVERSION = YES_AGGRESSIVE;
				CLANG_CXX_LANGUAGE_STANDARD = "gnu++20";
				CLANG_ENABLE_MODULES = YES;
				CLANG_ENABLE_OBJC_ARC = YES;
				CLANG_ENABLE_OBJC_WEAK = YES;
				CLANG_WARN_BLOCK_CAPTURE_AUTORELEASING = YES;
				CLANG_WARN_BOOL_CONVERSION = YES;
				CLANG_WARN_COMMA = YES;
				CLANG_WARN_CONSTANT_CONVERSION = YES;
				CLANG_WARN_DEPRECATED_OBJC_IMPLEMENTATIONS = YES;
				CLANG_WARN_DIRECT_OBJC_ISA_USAGE = YES_ERROR;
				CLANG_WARN_DOCUMENTATION_COMMENTS = YES;
				CLANG_WARN_EMPTY_BODY = YES;
				CLANG_WARN_ENUM_CONVERSION = YES;
				CLANG_WARN_INFINITE_RECURSION = YES;
				CLANG_WARN_INT_CONVERSION = YES;
				CLANG_WARN_NON_LITERAL_NULL_CONVERSION = YES;
				CLANG_WARN_OBJC_IMPLICIT_RETAIN_SELF = YES;
				CLANG_WARN_OBJC_LITERAL_CONVERSION = YES;
				CLANG_WARN_OBJC_ROOT_CLASS = YES_ERROR;
				CLANG_WARN_QUOTED_INCLUDE_IN_FRAMEWORK_HEADER = YES;
				CLANG_WARN_RANGE_LOOP_ANALYSIS = YES;
				CLANG_WARN_STRICT_PROTOTYPES = YES;
				CLANG_WARN_SUSPICIOUS_MOVE = YES;
				CLANG_WARN_UNGUARDED_AVAILABILITY = YES_AGGRESSIVE;
				CLANG_WARN_UNREACHABLE_CODE = YES;
				CLANG_WARN__DUPLICATE_METHOD_MATCH = YES;
				COPY_PHASE_STRIP = NO;
				DEBUG_INFORMATION_FORMAT = dwarf;
				ENABLE_STRICT_OBJC_MSGSEND = YES;
				ENABLE_TESTABILITY = YES;
				ENABLE_USER_SCRIPT_SANDBOXING = YES;
				GCC_C_LANGUAGE_STANDARD = gnu17;
				GCC_DYNAMIC_NO_PIC = NO;
				GCC_NO_COMMON_BLOCKS = YES;
				GCC_OPTIMIZATION_LEVEL = 0;
				GCC_PREPROCESSOR_DEFINITIONS = (
					"DEBUG=1",
					"$(inherited)",
				);
				GCC_WARN_64_TO_32_BIT_CONVERSION = YES;
				GCC_WARN_ABOUT_RETURN_TYPE = YES_ERROR;
				GCC_WARN_UNDECLARED_SELECTOR = YES;
				GCC_WARN_UNINITIALIZED_AUTOS = YES_AGGRESSIVE;
				GCC_WARN_UNUSED_FUNCTION = YES;
				GCC_WARN_UNUSED_VARIABLE = YES;
				IPHONEOS_DEPLOYMENT_TARGET = 18.2;
				LOCALIZATION_PREFERS_STRING_CATALOGS = YES;
				MTL_ENABLE_DEBUG_INFO = INCLUDE_SOURCE;
				MTL_FAST_MATH = YES;
				ONLY_ACTIVE_ARCH = YES;
				SDKROOT = iphoneos;
				SWIFT_ACTIVE_COMPILATION_CONDITIONS = "DEBUG $(inherited)";
				SWIFT_OPTIMIZATION_LEVEL = "-Onone";
			};
			name = Debug;
		};
		BCA8C5A72DC3F39C003D7D2A /* Release */ = {
			isa = XCBuildConfiguration;
			buildSettings = {
				ALWAYS_SEARCH_USER_PATHS = NO;
				ASSETCATALOG_COMPILER_GENERATE_SWIFT_ASSET_SYMBOL_EXTENSIONS = YES;
				CLANG_ANALYZER_NONNULL = YES;
				CLANG_ANALYZER_NUMBER_OBJECT_CONVERSION = YES_AGGRESSIVE;
				CLANG_CXX_LANGUAGE_STANDARD = "gnu++20";
				CLANG_ENABLE_MODULES = YES;
				CLANG_ENABLE_OBJC_ARC = YES;
				CLANG_ENABLE_OBJC_WEAK = YES;
				CLANG_WARN_BLOCK_CAPTURE_AUTORELEASING = YES;
				CLANG_WARN_BOOL_CONVERSION = YES;
				CLANG_WARN_COMMA = YES;
				CLANG_WARN_CONSTANT_CONVERSION = YES;
				CLANG_WARN_DEPRECATED_OBJC_IMPLEMENTATIONS = YES;
				CLANG_WARN_DIRECT_OBJC_ISA_USAGE = YES_ERROR;
				CLANG_WARN_DOCUMENTATION_COMMENTS = YES;
				CLANG_WARN_EMPTY_BODY = YES;
				CLANG_WARN_ENUM_CONVERSION = YES;
				CLANG_WARN_INFINITE_RECURSION = YES;
				CLANG_WARN_INT_CONVERSION = YES;
				CLANG_WARN_NON_LITERAL_NULL_CONVERSION = YES;
				CLANG_WARN_OBJC_IMPLICIT_RETAIN_SELF = YES;
				CLANG_WARN_OBJC_LITERAL_CONVERSION = YES;
				CLANG_WARN_OBJC_ROOT_CLASS = YES_ERROR;
				CLANG_WARN_QUOTED_INCLUDE_IN_FRAMEWORK_HEADER = YES;
				CLANG_WARN_RANGE_LOOP_ANALYSIS = YES;
				CLANG_WARN_STRICT_PROTOTYPES = YES;
				CLANG_WARN_SUSPICIOUS_MOVE = YES;
				CLANG_WARN_UNGUARDED_AVAILABILITY = YES_AGGRESSIVE;
				CLANG_WARN_UNREACHABLE_CODE = YES;
				CLANG_WARN__DUPLICATE_METHOD_MATCH = YES;
				COPY_PHASE_STRIP = NO;
				DEBUG_INFORMATION_FORMAT = "dwarf-with-dsym";
				ENABLE_NS_ASSERTIONS = NO;
				ENABLE_STRICT_OBJC_MSGSEND = YES;
				ENABLE_USER_SCRIPT_SANDBOXING = YES;
				GCC_C_LANGUAGE_STANDARD = gnu17;
				GCC_NO_COMMON_BLOCKS = YES;
				GCC_WARN_64_TO_32_BIT_CONVERSION = YES;
				GCC_WARN_ABOUT_RETURN_TYPE = YES_ERROR;
				GCC_WARN_UNDECLARED_SELECTOR = YES;
				GCC_WARN_UNINITIALIZED_AUTOS = YES_AGGRESSIVE;
				GCC_WARN_UNUSED_FUNCTION = YES;
				GCC_WARN_UNUSED_VARIABLE = YES;
				IPHONEOS_DEPLOYMENT_TARGET = 18.2;
				LOCALIZATION_PREFERS_STRING_CATALOGS = YES;
				MTL_ENABLE_DEBUG_INFO = NO;
				MTL_FAST_MATH = YES;
				SDKROOT = iphoneos;
				SWIFT_COMPILATION_MODE = wholemodule;
				VALIDATE_PRODUCT = YES;
			};
			name = Release;
		};
		BCA8C5A92DC3F39C003D7D2A /* Debug */ = {
			isa = XCBuildConfiguration;
			buildSettings = {
				BUNDLE_LOADER = "$(TEST_HOST)";
				CODE_SIGN_STYLE = Automatic;
				CURRENT_PROJECT_VERSION = 1;
				DEVELOPMENT_TEAM = WH7XKRC8QZ;
				GENERATE_INFOPLIST_FILE = YES;
				IPHONEOS_DEPLOYMENT_TARGET = 18.2;
				MARKETING_VERSION = 1.0;
				PRODUCT_BUNDLE_IDENTIFIER = "com.scottcampbell.Recruiting-TrackerTests";
				PRODUCT_NAME = "$(TARGET_NAME)";
				SWIFT_EMIT_LOC_STRINGS = NO;
				SWIFT_VERSION = 5.0;
				TARGETED_DEVICE_FAMILY = "1,2";
				TEST_HOST = "$(BUILT_PRODUCTS_DIR)/Recruiting Tracker.app/$(BUNDLE_EXECUTABLE_FOLDER_PATH)/Recruiting Tracker";
			};
			name = Debug;
		};
		BCA8C5AA2DC3F39C003D7D2A /* Release */ = {
			isa = XCBuildConfiguration;
			buildSettings = {
				BUNDLE_LOADER = "$(TEST_HOST)";
				CODE_SIGN_STYLE = Automatic;
				CURRENT_PROJECT_VERSION = 1;
				DEVELOPMENT_TEAM = WH7XKRC8QZ;
				GENERATE_INFOPLIST_FILE = YES;
				IPHONEOS_DEPLOYMENT_TARGET = 18.2;
				MARKETING_VERSION = 1.0;
				PRODUCT_BUNDLE_IDENTIFIER = "com.scottcampbell.Recruiting-TrackerTests";
				PRODUCT_NAME = "$(TARGET_NAME)";
				SWIFT_EMIT_LOC_STRINGS = NO;
				SWIFT_VERSION = 5.0;
				TARGETED_DEVICE_FAMILY = "1,2";
				TEST_HOST = "$(BUILT_PRODUCTS_DIR)/Recruiting Tracker.app/$(BUNDLE_EXECUTABLE_FOLDER_PATH)/Recruiting Tracker";
			};
			name = Release;
		};
		BCA8C5AC2DC3F39C003D7D2A /* Debug */ = {
			isa = XCBuildConfiguration;
			buildSettings = {
				CODE_SIGN_STYLE = Automatic;
				CURRENT_PROJECT_VERSION = 1;
				DEVELOPMENT_TEAM = WH7XKRC8QZ;
				GENERATE_INFOPLIST_FILE = YES;
				MARKETING_VERSION = 1.0;
				PRODUCT_BUNDLE_IDENTIFIER = "com.scottcampbell.Recruiting-TrackerUITests";
				PRODUCT_NAME = "$(TARGET_NAME)";
				SWIFT_EMIT_LOC_STRINGS = NO;
				SWIFT_VERSION = 5.0;
				TARGETED_DEVICE_FAMILY = "1,2";
				TEST_TARGET_NAME = "Recruiting Tracker";
			};
			name = Debug;
		};
		BCA8C5AD2DC3F39C003D7D2A /* Release */ = {
			isa = XCBuildConfiguration;
			buildSettings = {
				CODE_SIGN_STYLE = Automatic;
				CURRENT_PROJECT_VERSION = 1;
				DEVELOPMENT_TEAM = WH7XKRC8QZ;
				GENERATE_INFOPLIST_FILE = YES;
				MARKETING_VERSION = 1.0;
				PRODUCT_BUNDLE_IDENTIFIER = "com.scottcampbell.Recruiting-TrackerUITests";
				PRODUCT_NAME = "$(TARGET_NAME)";
				SWIFT_EMIT_LOC_STRINGS = NO;
				SWIFT_VERSION = 5.0;
				TARGETED_DEVICE_FAMILY = "1,2";
				TEST_TARGET_NAME = "Recruiting Tracker";
			};
			name = Release;
		};
/* End XCBuildConfiguration section */

/* Begin XCConfigurationList section */
		BCA8C5772DC3F39B003D7D2A /* Build configuration list for PBXProject "Recruiting Tracker" */ = {
			isa = XCConfigurationList;
			buildConfigurations = (
				BCA8C5A62DC3F39C003D7D2A /* Debug */,
				BCA8C5A72DC3F39C003D7D2A /* Release */,
			);
			defaultConfigurationIsVisible = 0;
			defaultConfigurationName = Release;
		};
		BCA8C5A32DC3F39C003D7D2A /* Build configuration list for PBXNativeTarget "Recruiting Tracker" */ = {
			isa = XCConfigurationList;
			buildConfigurations = (
				BCA8C5A42DC3F39C003D7D2A /* Debug */,
				BCA8C5A52DC3F39C003D7D2A /* Release */,
			);
			defaultConfigurationIsVisible = 0;
			defaultConfigurationName = Release;
		};
		BCA8C5A82DC3F39C003D7D2A /* Build configuration list for PBXNativeTarget "Recruiting TrackerTests" */ = {
			isa = XCConfigurationList;
			buildConfigurations = (
				BCA8C5A92DC3F39C003D7D2A /* Debug */,
				BCA8C5AA2DC3F39C003D7D2A /* Release */,
			);
			defaultConfigurationIsVisible = 0;
			defaultConfigurationName = Release;
		};
		BCA8C5AB2DC3F39C003D7D2A /* Build configuration list for PBXNativeTarget "Recruiting TrackerUITests" */ = {
			isa = XCConfigurationList;
			buildConfigurations = (
				BCA8C5AC2DC3F39C003D7D2A /* Debug */,
				BCA8C5AD2DC3F39C003D7D2A /* Release */,
			);
			defaultConfigurationIsVisible = 0;
			defaultConfigurationName = Release;
		};
/* End XCConfigurationList section */
	};
	rootObject = BCA8C5742DC3F39B003D7D2A /* Project object */;
}
